
Microsoft Visual Studio Solution File, Format Version 11.00
# Visual Studio 2010
Project("{FAE04EC0-301F-11D3-BF4B-00C04F79EFBC}") = "Srmsports", "Srmsports\Srmsports.csproj", "{3231C614-4790-4D9B-8857-B735F34515AB}"
EndProject
Global
	GlobalSection(SolutionConfigurationPlatforms) = preSolution
		Debug|Any CPU = Debug|Any CPU
		Release|Any CPU = Release|Any CPU
	EndGlobalSection
	GlobalSection(ProjectConfigurationPlatforms) = postSolution
		{3231C614-4790-4D9B-8857-B735F34515AB}.Debug|Any CPU.ActiveCfg = Debug|Any CPU
		{3231C614-4790-4D9B-8857-B735F34515AB}.Debug|Any CPU.Build.0 = Debug|Any CPU
		{3231C614-4790-4D9B-8857-B735F34515AB}.Release|Any CPU.ActiveCfg = Release|Any CPU
		{3231C614-4790-4D9B-8857-B735F34515AB}.Release|Any CPU.Build.0 = Release|Any CPU
	EndGlobalSection
	GlobalSection(SolutionProperties) = preSolution
		HideSolutionNode = FALSE
	EndGlobalSection
EndGlobal
